{
  "buildMode": "updated",
  "features": {
    "promptArguments": true
  },
  "generatedBy": "skillset@0.1.0",
  "items": [
    {
      "fileModes": {
        ".claude/CLAUDE.md": "0644"
      },
      "files": [
        ".claude/CLAUDE.md"
      ],
      "kind": "island",
      "name": "claude:project:CLAUDE.md",
      "outputHash": "sha256:b71dfd9c902784e1aa50f21a29157b9c03ced919b3207667a030ada2b93fb0fa",
      "outputPath": ".claude/CLAUDE.md",
      "preprocessDependencies": [
        ".skillset/partials/repository.md"
      ],
      "sourceHash": "sha256:64cb188b37774f9503afa8d06e6599b3185e23d69ceea52acf9c48f45ed8f279",
      "sourcePath": ".skillset/_claude/CLAUDE.md",
      "validation": "structured",
      "version": "0.1.0"
    },
    {
      "fileModes": {
        "AGENTS.md": "0644"
      },
      "files": [
        "AGENTS.md"
      ],
      "kind": "rule",
      "name": "AGENTS.md",
      "outputHash": "sha256:e747cb81feaea05064721e55676e0a8483d333bcd73456676626034ccfccecc1",
      "outputPath": "AGENTS.md",
      "preprocessDependencies": [
        ".skillset/partials/repository.md"
      ],
      "sourceHash": "sha256:90f6cd7f9c844e1955a2d6778905c0513b9e99933c2e0d67a36262f24efde814",
      "sourcePath": ".skillset/rules",
      "version": "0.1.0"
    }
  ],
  "outputRoot": ".",
  "provenanceHash": "sha256:2a96d3bbdc3c8d49aa9b1d746ce7ad0fbfd1b2a21bf68866b84dcd53bbf859ba",
  "renderResults": [
    {
      "destination": "target-native-island",
      "evidence": [
        {
          "kind": "test",
          "note": "provider source coverage",
          "ref": "apps/skillset/src/__tests__/skillset.test.ts"
        }
      ],
      "featureId": "target-native-islands",
      "outputs": [
        {
          "kind": "island",
          "path": ".claude/CLAUDE.md"
        }
      ],
      "schema": "skillset-render-result@1",
      "sourcePath": ".skillset/_claude/CLAUDE.md",
      "sourceUnit": "claude.CLAUDEmd:CLAUDE.md",
      "status": "target_native",
      "target": "claude"
    },
    {
      "destination": "instruction",
      "evidence": [
        {
          "kind": "docs",
          "ref": "docs/reference/features/instructions.md"
        },
        {
          "kind": "provider-overlay",
          "note": "Codex AGENTS.md discovery and merge behavior is currently documented in prose; no adopted JSON Schema source is available.",
          "ref": "codex-agents-md-overlay"
        },
        {
          "kind": "provider-snapshot",
          "note": "sha256:3f6a53f45530261b0b2fafa705b1b01b8cc2b7c817eae3263226f2fd89fbae17",
          "ref": "codex-agents-md",
          "verifiedAt": "2026-06-23"
        }
      ],
      "featureId": "project-instructions",
      "outputs": [
        {
          "kind": "rule",
          "path": "AGENTS.md"
        }
      ],
      "schema": "skillset-render-result@1",
      "sourcePath": ".skillset/rules",
      "sourceUnit": "instruction:AGENTS.md",
      "status": "transformed",
      "target": "codex"
    }
  ],
  "schemaVersion": 2,
  "selectedTargets": [
    "claude",
    "codex"
  ],
  "skillsetMetadata": true,
  "sourceRoot": ".skillset",
  "target": "workspace"
}
