{
  "buildMode": "updated",
  "features": {
    "promptArguments": true
  },
  "generatedBy": "skillset@0.1.0",
  "items": [
    {
      "fileModes": {
        ".claude/CLAUDE.md": "0644"
      },
      "files": [
        ".claude/CLAUDE.md"
      ],
      "kind": "island",
      "name": "claude:project:CLAUDE.md",
      "outputHash": "sha256:b5d40f8e47e00bd2ad4ecbc7e3f73914fbefc526ddeb953cd2fd23c7798086dd",
      "outputPath": ".claude/CLAUDE.md",
      "preprocessDependencies": [
        ".skillset/partials/repository.md"
      ],
      "sourceHash": "sha256:4cf58c752bd217c5e62a6b91939edd2085a034a8e592ad7a1f3150c7f9ac5b63",
      "sourcePath": ".skillset/_claude/CLAUDE.md",
      "validation": "structured",
      "version": "0.1.0"
    },
    {
      "fileModes": {
        "AGENTS.md": "0644"
      },
      "files": [
        "AGENTS.md"
      ],
      "kind": "rule",
      "name": "AGENTS.md",
      "outputHash": "sha256:224b7088112312ae77ba5e63912c5e9303d0e4b7c155ae0a5a73f3a69ddd98e0",
      "outputPath": "AGENTS.md",
      "preprocessDependencies": [
        ".skillset/partials/repository.md"
      ],
      "sourceHash": "sha256:40c9334403d9a208075e70604cb10011def07e7fcbcbc86c768363c3da554a7a",
      "sourcePath": ".skillset/rules",
      "version": "0.1.0"
    }
  ],
  "outputRoot": ".",
  "provenanceHash": "sha256:499db3b0c80af2e1fdd0a00482679e285af475190e0f81c85322ec7324584dd4",
  "renderResults": [
    {
      "destination": "target-native-island",
      "evidence": [
        {
          "kind": "test",
          "note": "provider source coverage",
          "ref": "apps/skillset/src/__tests__/skillset.test.ts"
        }
      ],
      "featureId": "target-native-islands",
      "outputs": [
        {
          "kind": "island",
          "path": ".claude/CLAUDE.md"
        }
      ],
      "schema": "skillset-render-result@1",
      "sourcePath": ".skillset/_claude/CLAUDE.md",
      "sourceUnit": "claude.CLAUDEmd:CLAUDE.md",
      "status": "target_native",
      "target": "claude"
    },
    {
      "destination": "instruction",
      "evidence": [
        {
          "kind": "docs",
          "ref": "docs/reference/features/instructions.md"
        },
        {
          "kind": "provider-overlay",
          "note": "Codex AGENTS.md discovery and merge behavior is currently documented in prose; no adopted JSON Schema source is available.",
          "ref": "codex-agents-md-overlay"
        },
        {
          "kind": "provider-snapshot",
          "note": "sha256:3f6a53f45530261b0b2fafa705b1b01b8cc2b7c817eae3263226f2fd89fbae17",
          "ref": "codex-agents-md",
          "verifiedAt": "2026-06-23"
        }
      ],
      "featureId": "project-instructions",
      "outputs": [
        {
          "kind": "rule",
          "path": "AGENTS.md"
        }
      ],
      "schema": "skillset-render-result@1",
      "sourcePath": ".skillset/rules",
      "sourceUnit": "instruction:AGENTS.md",
      "status": "transformed",
      "target": "codex"
    }
  ],
  "schemaVersion": 2,
  "selectedTargets": [
    "claude",
    "codex"
  ],
  "skillsetMetadata": true,
  "sourceRoot": ".skillset",
  "target": "workspace"
}
