{
  "buildMode": "updated",
  "features": {
    "promptArguments": true
  },
  "generatedBy": "skillset@0.1.0",
  "items": [
    {
      "fileModes": {
        "agentish-styleguide/LICENSE.txt": "0644",
        "agentish-styleguide/SKILL.md": "0644",
        "agentish-styleguide/agents/openai.yaml": "0644",
        "agentish-styleguide/references/agentish.md": "0644",
        "agentish-styleguide/references/instruction-placement.md": "0644",
        "agentish-styleguide/references/instruction-selection.md": "0644"
      },
      "files": [
        "agentish-styleguide/LICENSE.txt",
        "agentish-styleguide/SKILL.md",
        "agentish-styleguide/agents/openai.yaml",
        "agentish-styleguide/references/agentish.md",
        "agentish-styleguide/references/instruction-placement.md",
        "agentish-styleguide/references/instruction-selection.md"
      ],
      "kind": "standalone-skill",
      "name": "agentish-styleguide",
      "outputHash": "sha256:9c8892bf7baded200de25b54e5deb923ba9df807bb090efa58cb6326cd584523",
      "outputPath": "agentish-styleguide/SKILL.md",
      "sourceHash": "sha256:3ee1dd551cd812e8cf431926c1066adf3ab4b2e3374ecb6c519411dc916535f3",
      "sourcePath": ".skillset/skills/agentish-styleguide/SKILL.md",
      "version": "0.1.0"
    },
    {
      "fileModes": {
        "minority-report/LICENSE.txt": "0644",
        "minority-report/SKILL.md": "0644",
        "minority-report/agents/openai.yaml": "0644",
        "minority-report/references/agentish.md": "0644",
        "minority-report/references/claude-fable.md": "0644",
        "minority-report/references/consolidated.schema.json": "0644",
        "minority-report/references/discovery.md": "0644",
        "minority-report/references/gpt-6-astra.md": "0644",
        "minority-report/references/instruction-placement.md": "0644",
        "minority-report/references/instruction-selection.md": "0644",
        "minority-report/references/model-review.md": "0644",
        "minority-report/references/output.md": "0644",
        "minority-report/references/review-rubric.md": "0644",
        "minority-report/references/review.schema.json": "0644",
        "minority-report/requirements.txt": "0644",
        "minority-report/scripts/consolidate.py": "0644",
        "minority-report/scripts/diffcheck.py": "0644",
        "minority-report/scripts/discover.py": "0644",
        "minority-report/scripts/ownership.py": "0644",
        "minority-report/scripts/provenance.py": "0644",
        "minority-report/scripts/render.py": "0644",
        "minority-report/scripts/validate.py": "0644",
        "minority-report/tests/test_discovery.py": "0644",
        "minority-report/tests/test_ownership.py": "0644",
        "minority-report/tests/test_reports.py": "0644"
      },
      "files": [
        "minority-report/LICENSE.txt",
        "minority-report/SKILL.md",
        "minority-report/agents/openai.yaml",
        "minority-report/references/agentish.md",
        "minority-report/references/claude-fable.md",
        "minority-report/references/consolidated.schema.json",
        "minority-report/references/discovery.md",
        "minority-report/references/gpt-6-astra.md",
        "minority-report/references/instruction-placement.md",
        "minority-report/references/instruction-selection.md",
        "minority-report/references/model-review.md",
        "minority-report/references/output.md",
        "minority-report/references/review-rubric.md",
        "minority-report/references/review.schema.json",
        "minority-report/requirements.txt",
        "minority-report/scripts/consolidate.py",
        "minority-report/scripts/diffcheck.py",
        "minority-report/scripts/discover.py",
        "minority-report/scripts/ownership.py",
        "minority-report/scripts/provenance.py",
        "minority-report/scripts/render.py",
        "minority-report/scripts/validate.py",
        "minority-report/tests/test_discovery.py",
        "minority-report/tests/test_ownership.py",
        "minority-report/tests/test_reports.py"
      ],
      "kind": "standalone-skill",
      "name": "minority-report",
      "outputHash": "sha256:53416f0719ff19134b1f415fe8a75145225de9e74310191df7ace73cc2bb7986",
      "outputPath": "minority-report/SKILL.md",
      "sourceHash": "sha256:5e5833e08fbc5613abee6344dea7fe5d3348a97ff253c4687744e6fac4f54de4",
      "sourcePath": ".skillset/skills/minority-report/SKILL.md",
      "version": "0.1.0"
    },
    {
      "fileModes": {
        "people-words/LICENSE.txt": "0644",
        "people-words/SKILL.md": "0644",
        "people-words/agents/openai.yaml": "0644"
      },
      "files": [
        "people-words/LICENSE.txt",
        "people-words/SKILL.md",
        "people-words/agents/openai.yaml"
      ],
      "kind": "standalone-skill",
      "name": "people-words",
      "outputHash": "sha256:d9df04e9d010eec41d0c93878152f27cdee0c446bba931c3f36e5bac0b7b1975",
      "outputPath": "people-words/SKILL.md",
      "sourceHash": "sha256:ff0113fcfb821059ff8d237f78cb26397fdd905e6c6f7d82c4f58a41a3535e3c",
      "sourcePath": ".skillset/skills/people-words/SKILL.md",
      "version": "0.1.0"
    }
  ],
  "outputRoot": "skills",
  "provenanceHash": "sha256:160871f6c99b7918471fea5176948888ac0d5e697d78e9a9c822caf642bcaa59",
  "renderResults": [
    {
      "destination": "skill",
      "evidence": [
        {
          "kind": "docs",
          "ref": "docs/reference/features/skills.md"
        },
        {
          "kind": "provider-schema",
          "note": "sha256:eebe9ca02eec5263cd23ff3945b3d3301e0b57861af2d53c76bd620b83ae355b",
          "ref": "codex-skill-metadata-schema",
          "verifiedAt": "2026-06-23"
        },
        {
          "kind": "provider-snapshot",
          "note": "sha256:7e36cc613d0443fcae2963e276a7994d2b321b04471ae2a8941e290ed2654050",
          "ref": "codex-skill",
          "verifiedAt": "2026-06-23"
        }
      ],
      "featureId": "standalone-skills",
      "outputs": [
        {
          "kind": "standalone-skill",
          "path": "skills/agentish-styleguide/LICENSE.txt"
        },
        {
          "kind": "standalone-skill",
          "path": "skills/agentish-styleguide/SKILL.md"
        },
        {
          "kind": "standalone-skill",
          "path": "skills/agentish-styleguide/agents/openai.yaml"
        },
        {
          "kind": "standalone-skill",
          "path": "skills/agentish-styleguide/references/agentish.md"
        },
        {
          "kind": "standalone-skill",
          "path": "skills/agentish-styleguide/references/instruction-placement.md"
        },
        {
          "kind": "standalone-skill",
          "path": "skills/agentish-styleguide/references/instruction-selection.md"
        }
      ],
      "schema": "skillset-render-result@1",
      "sourcePath": ".skillset/skills/agentish-styleguide/SKILL.md",
      "sourceUnit": "skill:agentish-styleguide",
      "status": "rendered",
      "target": "codex"
    },
    {
      "destination": "skill",
      "evidence": [
        {
          "kind": "docs",
          "ref": "docs/reference/features/skills.md"
        },
        {
          "kind": "provider-schema",
          "note": "sha256:eebe9ca02eec5263cd23ff3945b3d3301e0b57861af2d53c76bd620b83ae355b",
          "ref": "codex-skill-metadata-schema",
          "verifiedAt": "2026-06-23"
        },
        {
          "kind": "provider-snapshot",
          "note": "sha256:7e36cc613d0443fcae2963e276a7994d2b321b04471ae2a8941e290ed2654050",
          "ref": "codex-skill",
          "verifiedAt": "2026-06-23"
        }
      ],
      "featureId": "standalone-skills",
      "outputs": [
        {
          "kind": "standalone-skill",
          "path": "skills/minority-report/LICENSE.txt"
        },
        {
          "kind": "standalone-skill",
          "path": "skills/minority-report/SKILL.md"
        },
        {
          "kind": "standalone-skill",
          "path": "skills/minority-report/agents/openai.yaml"
        },
        {
          "kind": "standalone-skill",
          "path": "skills/minority-report/references/agentish.md"
        },
        {
          "kind": "standalone-skill",
          "path": "skills/minority-report/references/claude-fable.md"
        },
        {
          "kind": "standalone-skill",
          "path": "skills/minority-report/references/consolidated.schema.json"
        },
        {
          "kind": "standalone-skill",
          "path": "skills/minority-report/references/discovery.md"
        },
        {
          "kind": "standalone-skill",
          "path": "skills/minority-report/references/gpt-6-astra.md"
        },
        {
          "kind": "standalone-skill",
          "path": "skills/minority-report/references/instruction-placement.md"
        },
        {
          "kind": "standalone-skill",
          "path": "skills/minority-report/references/instruction-selection.md"
        },
        {
          "kind": "standalone-skill",
          "path": "skills/minority-report/references/model-review.md"
        },
        {
          "kind": "standalone-skill",
          "path": "skills/minority-report/references/output.md"
        },
        {
          "kind": "standalone-skill",
          "path": "skills/minority-report/references/review-rubric.md"
        },
        {
          "kind": "standalone-skill",
          "path": "skills/minority-report/references/review.schema.json"
        },
        {
          "kind": "standalone-skill",
          "path": "skills/minority-report/requirements.txt"
        },
        {
          "kind": "standalone-skill",
          "path": "skills/minority-report/scripts/consolidate.py"
        },
        {
          "kind": "standalone-skill",
          "path": "skills/minority-report/scripts/diffcheck.py"
        },
        {
          "kind": "standalone-skill",
          "path": "skills/minority-report/scripts/discover.py"
        },
        {
          "kind": "standalone-skill",
          "path": "skills/minority-report/scripts/ownership.py"
        },
        {
          "kind": "standalone-skill",
          "path": "skills/minority-report/scripts/provenance.py"
        },
        {
          "kind": "standalone-skill",
          "path": "skills/minority-report/scripts/render.py"
        },
        {
          "kind": "standalone-skill",
          "path": "skills/minority-report/scripts/validate.py"
        },
        {
          "kind": "standalone-skill",
          "path": "skills/minority-report/tests/test_discovery.py"
        },
        {
          "kind": "standalone-skill",
          "path": "skills/minority-report/tests/test_ownership.py"
        },
        {
          "kind": "standalone-skill",
          "path": "skills/minority-report/tests/test_reports.py"
        }
      ],
      "schema": "skillset-render-result@1",
      "sourcePath": ".skillset/skills/minority-report/SKILL.md",
      "sourceUnit": "skill:minority-report",
      "status": "rendered",
      "target": "codex"
    },
    {
      "destination": "skill",
      "evidence": [
        {
          "kind": "docs",
          "ref": "docs/reference/features/skills.md"
        },
        {
          "kind": "provider-schema",
          "note": "sha256:eebe9ca02eec5263cd23ff3945b3d3301e0b57861af2d53c76bd620b83ae355b",
          "ref": "codex-skill-metadata-schema",
          "verifiedAt": "2026-06-23"
        },
        {
          "kind": "provider-snapshot",
          "note": "sha256:7e36cc613d0443fcae2963e276a7994d2b321b04471ae2a8941e290ed2654050",
          "ref": "codex-skill",
          "verifiedAt": "2026-06-23"
        }
      ],
      "featureId": "standalone-skills",
      "outputs": [
        {
          "kind": "standalone-skill",
          "path": "skills/people-words/LICENSE.txt"
        },
        {
          "kind": "standalone-skill",
          "path": "skills/people-words/SKILL.md"
        },
        {
          "kind": "standalone-skill",
          "path": "skills/people-words/agents/openai.yaml"
        }
      ],
      "schema": "skillset-render-result@1",
      "sourcePath": ".skillset/skills/people-words/SKILL.md",
      "sourceUnit": "skill:people-words",
      "status": "rendered",
      "target": "codex"
    }
  ],
  "schemaVersion": 2,
  "selectedTargets": [
    "claude",
    "codex"
  ],
  "skillsetMetadata": true,
  "sourceRoot": ".skillset",
  "target": "workspace"
}
