{
  "buildMode": "updated",
  "features": {
    "promptArguments": true
  },
  "generatedBy": "skillset@0.1.0",
  "items": [
    {
      "fileModes": {
        "agentish/LICENSE.txt": "0644",
        "agentish/SKILL.md": "0644",
        "agentish/agents/openai.yaml": "0644",
        "agentish/references/agentish.md": "0644",
        "agentish/references/instruction-placement.md": "0644",
        "agentish/references/instruction-selection.md": "0644"
      },
      "files": [
        "agentish/LICENSE.txt",
        "agentish/SKILL.md",
        "agentish/agents/openai.yaml",
        "agentish/references/agentish.md",
        "agentish/references/instruction-placement.md",
        "agentish/references/instruction-selection.md"
      ],
      "kind": "standalone-skill",
      "name": "agentish",
      "outputHash": "sha256:cd95f4220fa76f4c08274e5b99356fefe195d5a01f4746762b376f86806770ec",
      "outputPath": "agentish/SKILL.md",
      "sourceHash": "sha256:186de5a7e828c612ae1ac0f4e77a2c6b551506c593b8a14a5e753b57ba5ff793",
      "sourcePath": ".skillset/skills/agentish/SKILL.md",
      "version": "0.1.0"
    },
    {
      "fileModes": {
        "people-words/LICENSE.txt": "0644",
        "people-words/SKILL.md": "0644",
        "people-words/agents/openai.yaml": "0644"
      },
      "files": [
        "people-words/LICENSE.txt",
        "people-words/SKILL.md",
        "people-words/agents/openai.yaml"
      ],
      "kind": "standalone-skill",
      "name": "people-words",
      "outputHash": "sha256:00cef02c714b8bc20c8b4101b373a735399f2244b7377fc16116c6f915fb1d84",
      "outputPath": "people-words/SKILL.md",
      "sourceHash": "sha256:fc6736d9423d0bb2c150ed296756ed9e3ee1b98d993191b8fe7beb7c2e5413aa",
      "sourcePath": ".skillset/skills/people-words/SKILL.md",
      "version": "0.1.0"
    },
    {
      "fileModes": {
        "redliner/LICENSE.txt": "0644",
        "redliner/SKILL.md": "0644",
        "redliner/agents/openai.yaml": "0644",
        "redliner/references/agentish.md": "0644",
        "redliner/references/claude-fable.md": "0644",
        "redliner/references/consolidated.schema.json": "0644",
        "redliner/references/discovery.md": "0644",
        "redliner/references/gpt-6-astra.md": "0644",
        "redliner/references/instruction-placement.md": "0644",
        "redliner/references/instruction-selection.md": "0644",
        "redliner/references/model-review.md": "0644",
        "redliner/references/output.md": "0644",
        "redliner/references/review-rubric.md": "0644",
        "redliner/references/review.schema.json": "0644",
        "redliner/references/scope-selection.md": "0644",
        "redliner/requirements.txt": "0644",
        "redliner/scripts/consolidate.py": "0644",
        "redliner/scripts/diffcheck.py": "0644",
        "redliner/scripts/discover.py": "0644",
        "redliner/scripts/ownership.py": "0644",
        "redliner/scripts/provenance.py": "0644",
        "redliner/scripts/render.py": "0644",
        "redliner/scripts/validate.py": "0644",
        "redliner/tests/test_discovery.py": "0644",
        "redliner/tests/test_ownership.py": "0644",
        "redliner/tests/test_reports.py": "0644"
      },
      "files": [
        "redliner/LICENSE.txt",
        "redliner/SKILL.md",
        "redliner/agents/openai.yaml",
        "redliner/references/agentish.md",
        "redliner/references/claude-fable.md",
        "redliner/references/consolidated.schema.json",
        "redliner/references/discovery.md",
        "redliner/references/gpt-6-astra.md",
        "redliner/references/instruction-placement.md",
        "redliner/references/instruction-selection.md",
        "redliner/references/model-review.md",
        "redliner/references/output.md",
        "redliner/references/review-rubric.md",
        "redliner/references/review.schema.json",
        "redliner/references/scope-selection.md",
        "redliner/requirements.txt",
        "redliner/scripts/consolidate.py",
        "redliner/scripts/diffcheck.py",
        "redliner/scripts/discover.py",
        "redliner/scripts/ownership.py",
        "redliner/scripts/provenance.py",
        "redliner/scripts/render.py",
        "redliner/scripts/validate.py",
        "redliner/tests/test_discovery.py",
        "redliner/tests/test_ownership.py",
        "redliner/tests/test_reports.py"
      ],
      "kind": "standalone-skill",
      "name": "redliner",
      "outputHash": "sha256:3465778b9bbc3eba77b197ff265ed4d6af22b32324cea3687c65d85f327c5eae",
      "outputPath": "redliner/SKILL.md",
      "sourceHash": "sha256:191b1472ecb29f6c6f6e1ff532c499b3162946e8113e295a86c7fa1a2f7c60c7",
      "sourcePath": ".skillset/skills/redliner/SKILL.md",
      "version": "0.1.0"
    }
  ],
  "outputRoot": "skills",
  "provenanceHash": "sha256:da02bc0863c73769ff666400ff589e40d596a70de81e8a4cb4fba23bfbb300bf",
  "renderResults": [
    {
      "destination": "skill",
      "evidence": [
        {
          "kind": "docs",
          "ref": "docs/reference/features/skills.md"
        },
        {
          "kind": "provider-schema",
          "note": "sha256:eebe9ca02eec5263cd23ff3945b3d3301e0b57861af2d53c76bd620b83ae355b",
          "ref": "codex-skill-metadata-schema",
          "verifiedAt": "2026-06-23"
        },
        {
          "kind": "provider-snapshot",
          "note": "sha256:7e36cc613d0443fcae2963e276a7994d2b321b04471ae2a8941e290ed2654050",
          "ref": "codex-skill",
          "verifiedAt": "2026-06-23"
        }
      ],
      "featureId": "standalone-skills",
      "outputs": [
        {
          "kind": "standalone-skill",
          "path": "skills/agentish/LICENSE.txt"
        },
        {
          "kind": "standalone-skill",
          "path": "skills/agentish/SKILL.md"
        },
        {
          "kind": "standalone-skill",
          "path": "skills/agentish/agents/openai.yaml"
        },
        {
          "kind": "standalone-skill",
          "path": "skills/agentish/references/agentish.md"
        },
        {
          "kind": "standalone-skill",
          "path": "skills/agentish/references/instruction-placement.md"
        },
        {
          "kind": "standalone-skill",
          "path": "skills/agentish/references/instruction-selection.md"
        }
      ],
      "schema": "skillset-render-result@1",
      "sourcePath": ".skillset/skills/agentish/SKILL.md",
      "sourceUnit": "skill:agentish",
      "status": "rendered",
      "target": "codex"
    },
    {
      "destination": "skill",
      "evidence": [
        {
          "kind": "docs",
          "ref": "docs/reference/features/skills.md"
        },
        {
          "kind": "provider-schema",
          "note": "sha256:eebe9ca02eec5263cd23ff3945b3d3301e0b57861af2d53c76bd620b83ae355b",
          "ref": "codex-skill-metadata-schema",
          "verifiedAt": "2026-06-23"
        },
        {
          "kind": "provider-snapshot",
          "note": "sha256:7e36cc613d0443fcae2963e276a7994d2b321b04471ae2a8941e290ed2654050",
          "ref": "codex-skill",
          "verifiedAt": "2026-06-23"
        }
      ],
      "featureId": "standalone-skills",
      "outputs": [
        {
          "kind": "standalone-skill",
          "path": "skills/people-words/LICENSE.txt"
        },
        {
          "kind": "standalone-skill",
          "path": "skills/people-words/SKILL.md"
        },
        {
          "kind": "standalone-skill",
          "path": "skills/people-words/agents/openai.yaml"
        }
      ],
      "schema": "skillset-render-result@1",
      "sourcePath": ".skillset/skills/people-words/SKILL.md",
      "sourceUnit": "skill:people-words",
      "status": "rendered",
      "target": "codex"
    },
    {
      "destination": "skill",
      "evidence": [
        {
          "kind": "docs",
          "ref": "docs/reference/features/skills.md"
        },
        {
          "kind": "provider-schema",
          "note": "sha256:eebe9ca02eec5263cd23ff3945b3d3301e0b57861af2d53c76bd620b83ae355b",
          "ref": "codex-skill-metadata-schema",
          "verifiedAt": "2026-06-23"
        },
        {
          "kind": "provider-snapshot",
          "note": "sha256:7e36cc613d0443fcae2963e276a7994d2b321b04471ae2a8941e290ed2654050",
          "ref": "codex-skill",
          "verifiedAt": "2026-06-23"
        }
      ],
      "featureId": "standalone-skills",
      "outputs": [
        {
          "kind": "standalone-skill",
          "path": "skills/redliner/LICENSE.txt"
        },
        {
          "kind": "standalone-skill",
          "path": "skills/redliner/SKILL.md"
        },
        {
          "kind": "standalone-skill",
          "path": "skills/redliner/agents/openai.yaml"
        },
        {
          "kind": "standalone-skill",
          "path": "skills/redliner/references/agentish.md"
        },
        {
          "kind": "standalone-skill",
          "path": "skills/redliner/references/claude-fable.md"
        },
        {
          "kind": "standalone-skill",
          "path": "skills/redliner/references/consolidated.schema.json"
        },
        {
          "kind": "standalone-skill",
          "path": "skills/redliner/references/discovery.md"
        },
        {
          "kind": "standalone-skill",
          "path": "skills/redliner/references/gpt-6-astra.md"
        },
        {
          "kind": "standalone-skill",
          "path": "skills/redliner/references/instruction-placement.md"
        },
        {
          "kind": "standalone-skill",
          "path": "skills/redliner/references/instruction-selection.md"
        },
        {
          "kind": "standalone-skill",
          "path": "skills/redliner/references/model-review.md"
        },
        {
          "kind": "standalone-skill",
          "path": "skills/redliner/references/output.md"
        },
        {
          "kind": "standalone-skill",
          "path": "skills/redliner/references/review-rubric.md"
        },
        {
          "kind": "standalone-skill",
          "path": "skills/redliner/references/review.schema.json"
        },
        {
          "kind": "standalone-skill",
          "path": "skills/redliner/references/scope-selection.md"
        },
        {
          "kind": "standalone-skill",
          "path": "skills/redliner/requirements.txt"
        },
        {
          "kind": "standalone-skill",
          "path": "skills/redliner/scripts/consolidate.py"
        },
        {
          "kind": "standalone-skill",
          "path": "skills/redliner/scripts/diffcheck.py"
        },
        {
          "kind": "standalone-skill",
          "path": "skills/redliner/scripts/discover.py"
        },
        {
          "kind": "standalone-skill",
          "path": "skills/redliner/scripts/ownership.py"
        },
        {
          "kind": "standalone-skill",
          "path": "skills/redliner/scripts/provenance.py"
        },
        {
          "kind": "standalone-skill",
          "path": "skills/redliner/scripts/render.py"
        },
        {
          "kind": "standalone-skill",
          "path": "skills/redliner/scripts/validate.py"
        },
        {
          "kind": "standalone-skill",
          "path": "skills/redliner/tests/test_discovery.py"
        },
        {
          "kind": "standalone-skill",
          "path": "skills/redliner/tests/test_ownership.py"
        },
        {
          "kind": "standalone-skill",
          "path": "skills/redliner/tests/test_reports.py"
        }
      ],
      "schema": "skillset-render-result@1",
      "sourcePath": ".skillset/skills/redliner/SKILL.md",
      "sourceUnit": "skill:redliner",
      "status": "rendered",
      "target": "codex"
    }
  ],
  "schemaVersion": 2,
  "selectedTargets": [
    "claude",
    "codex"
  ],
  "skillsetMetadata": true,
  "sourceRoot": ".skillset",
  "target": "workspace"
}
